{
    "_readme": [
        "This file locks the dependencies of your project to a known state",
        "Read more about it at https://getcomposer.org/doc/01-basic-usage.md#installing-dependencies",
        "This file is @generated automatically"
    ],
    "content-hash": "9f4fc5dd2830092b9e655df8de34f07d",
    "packages": [
        {
            "name": "doctrine/instantiator",
            "version": "1.4.0",
            "source": {
                "type": "git",
                "url": "https://github.com/doctrine/instantiator.git",
                "reference": "d56bf6102915de5702778fe20f2de3b2fe570b5b"
            },
            "dist": {
                "type": "zip",
                "url": "https://api.github.com/repos/doctrine/instantiator/zipball/d56bf6102915de5702778fe20f2de3b2fe570b5b",
                "reference": "d56bf6102915de5702778fe20f2de3b2fe570b5b",
                "shasum": ""
            },
            "require": {
                "php": "^7.1 || ^8.0"
            },
            "require-dev": {
                "doctrine/coding-standard": "^8.0",
                "ext-pdo": "*",
                "ext-phar": "*",
                "phpbench/phpbench": "^0.13 || 1.0.0-alpha2",
                "phpstan/phpstan": "^0.12",
                "phpstan/phpstan-phpunit": "^0.12",
                "phpunit/phpunit": "^7.0 || ^8.0 || ^9.0"
            },
            "type": "library",
            "autoload": {
                "psr-4": {
                    "Doctrine\\Instantiator\\": "src/Doctrine/Instantiator/"
                }
            },
            "notification-url": "https://packagist.org/downloads/",
            "license": [
                "MIT"
            ],
            "authors": [
                {
                    "name": "Marco Pivetta",
                    "email": "ocramius@gmail.com",
                    "homepage": "https://ocramius.github.io/"
                }
            ],
            "description": "A small, lightweight utility to instantiate objects in PHP without invoking their constructors",
            "homepage": "https://www.doctrine-project.org/projects/instantiator.html",
            "keywords": [
                "constructor",
                "instantiate"
            ],
            "time": "2020-11-10T18:47:58+00:00"
        },
        {
            "name": "doctrine/lexer",
            "version": "1.2.1",
            "source": {
                "type": "git",
                "url": "https://github.com/doctrine/lexer.git",
                "reference": "e864bbf5904cb8f5bb334f99209b48018522f042"
            },
            "dist": {
                "type": "zip",
                "url": "https://api.github.com/repos/doctrine/lexer/zipball/e864bbf5904cb8f5bb334f99209b48018522f042",
                "reference": "e864bbf5904cb8f5bb334f99209b48018522f042",
                "shasum": ""
            },
            "require": {
                "php": "^7.2 || ^8.0"
            },
            "require-dev": {
                "doctrine/coding-standard": "^6.0",
                "phpstan/phpstan": "^0.11.8",
                "phpunit/phpunit": "^8.2"
            },
            "type": "library",
            "extra": {
                "branch-alias": {
                    "dev-master": "1.2.x-dev"
                }
            },
            "autoload": {
                "psr-4": {
                    "Doctrine\\Common\\Lexer\\": "lib/Doctrine/Common/Lexer"
                }
            },
            "notification-url": "https://packagist.org/downloads/",
            "license": [
                "MIT"
            ],
            "authors": [
                {
                    "name": "Guilherme Blanco",
                    "email": "guilhermeblanco@gmail.com"
                },
                {
                    "name": "Roman Borschel",
                    "email": "roman@code-factory.org"
                },
                {
                    "name": "Johannes Schmitt",
                    "email": "schmittjoh@gmail.com"
                }
            ],
            "description": "PHP Doctrine Lexer parser library that can be used in Top-Down, Recursive Descent Parsers.",
            "homepage": "https://www.doctrine-project.org/projects/lexer.html",
            "keywords": [
                "annotations",
                "docblock",
                "lexer",
                "parser",
                "php"
            ],
            "time": "2020-05-25T17:44:05+00:00"
        },
        {
            "name": "ivory/serializer",
            "version": "1.0.4",
            "source": {
                "type": "git",
                "url": "https://github.com/bresam/ivory-serializer.git",
                "reference": "f9cba494808cbebda085027a0134030d90cfd995"
            },
            "dist": {
                "type": "zip",
                "url": "https://api.github.com/repos/bresam/ivory-serializer/zipball/f9cba494808cbebda085027a0134030d90cfd995",
                "reference": "f9cba494808cbebda085027a0134030d90cfd995",
                "shasum": ""
            },
            "require": {
                "doctrine/instantiator": "^1.0",
                "doctrine/lexer": "^1.0",
                "php": ">=7.0",
                "symfony/options-resolver": "^4.3 || ^5.0"
            },
            "replace": {
                "egeloen/serializer": "^1.0.0"
            },
            "require-dev": {
                "doctrine/annotations": "^1.2 || ^1.3",
                "ext-dom": "*",
                "ext-json": "*",
                "ext-simplexml": "*",
                "friendsofphp/php-cs-fixer": "^2.0",
                "mockery/mockery": "^1.3 || ^1.4",
                "phpdocumentor/reflection": "^3.0 || ^4.0",
                "phpunit/phpunit": "^6.5 || ^7.5 || ^8.5 || ^9.5",
                "psr/cache": "^1.0",
                "symfony/event-dispatcher": "^3.0 || ^4.3 || ^5.2",
                "symfony/phpunit-bridge": "^3.0 || ^4.3 || ^5.2",
                "symfony/property-access": "^3.0 || ^4.3 || ^5.2",
                "symfony/property-info": "^3.0 || ^4.3 || ^5.2",
                "symfony/yaml": "^3.0 || ^4.3 || ^5.0"
            },
            "suggest": {
                "doctrine/annotations": "Allow you to use the mapping annotations.",
                "ext-dom": "Allow you to use the XML serialization visitor and mapping.",
                "ext-json": "Allow you to use the JSON serialization/deserialization visitors and mapping.",
                "ext-simplexml": "Allow you to use the XML deserialization visitor and mapping.",
                "phpdocumentor/reflection": "Allow you to parse PHP type more efficiently",
                "symfony/event-dispatcher": "Allow you to use the event dispatching system.",
                "symfony/property-access": "Allow you to use the Symfony accessor/mutator.",
                "symfony/property-info": "Allow you to use the mapping type auto discovery.",
                "symfony/yaml": "Allow you to use the YAML serialization/deserialization visitors and mapping."
            },
            "type": "library",
            "autoload": {
                "psr-4": {
                    "Ivory\\Serializer\\": "src/"
                }
            },
            "notification-url": "https://packagist.org/downloads/",
            "license": [
                "MIT"
            ],
            "authors": [
                {
                    "name": "Samuel Breu",
                    "email": "samuel.breu@bresam.ch",
                    "role": "Developer/Maintainer"
                },
                {
                    "name": "Eric GELOEN",
                    "email": "geloen.eric@gmail.com",
                    "role": "Creator/Inactive"
                }
            ],
            "description": "Serializer for PHP 7.0+ supporting JSON, XML, YAML & CSV",
            "keywords": [
                "serializer"
            ],
            "time": "2021-01-06T23:55:57+00:00"
        },
        {
            "name": "symfony/deprecation-contracts",
            "version": "v2.2.0",
            "source": {
                "type": "git",
                "url": "https://github.com/symfony/deprecation-contracts.git",
                "reference": "5fa56b4074d1ae755beb55617ddafe6f5d78f665"
            },
            "dist": {
                "type": "zip",
                "url": "https://api.github.com/repos/symfony/deprecation-contracts/zipball/5fa56b4074d1ae755beb55617ddafe6f5d78f665",
                "reference": "5fa56b4074d1ae755beb55617ddafe6f5d78f665",
                "shasum": ""
            },
            "require": {
                "php": ">=7.1"
            },
            "type": "library",
            "extra": {
                "branch-alias": {
                    "dev-master": "2.2-dev"
                },
                "thanks": {
                    "name": "symfony/contracts",
                    "url": "https://github.com/symfony/contracts"
                }
            },
            "autoload": {
                "files": [
                    "function.php"
                ]
            },
            "notification-url": "https://packagist.org/downloads/",
            "license": [
                "MIT"
            ],
            "authors": [
                {
                    "name": "Nicolas Grekas",
                    "email": "p@tchwork.com"
                },
                {
                    "name": "Symfony Community",
                    "homepage": "https://symfony.com/contributors"
                }
            ],
            "description": "A generic function and convention to trigger deprecation notices",
            "homepage": "https://symfony.com",
            "time": "2020-09-07T11:33:47+00:00"
        },
        {
            "name": "symfony/options-resolver",
            "version": "v5.2.3",
            "source": {
                "type": "git",
                "url": "https://github.com/symfony/options-resolver.git",
                "reference": "5d0f633f9bbfcf7ec642a2b5037268e61b0a62ce"
            },
            "dist": {
                "type": "zip",
                "url": "https://api.github.com/repos/symfony/options-resolver/zipball/5d0f633f9bbfcf7ec642a2b5037268e61b0a62ce",
                "reference": "5d0f633f9bbfcf7ec642a2b5037268e61b0a62ce",
                "shasum": ""
            },
            "require": {
                "php": ">=7.2.5",
                "symfony/deprecation-contracts": "^2.1",
                "symfony/polyfill-php73": "~1.0",
                "symfony/polyfill-php80": "^1.15"
            },
            "type": "library",
            "autoload": {
                "psr-4": {
                    "Symfony\\Component\\OptionsResolver\\": ""
                },
                "exclude-from-classmap": [
                    "/Tests/"
                ]
            },
            "notification-url": "https://packagist.org/downloads/",
            "license": [
                "MIT"
            ],
            "authors": [
                {
                    "name": "Fabien Potencier",
                    "email": "fabien@symfony.com"
                },
                {
                    "name": "Symfony Community",
                    "homepage": "https://symfony.com/contributors"
                }
            ],
            "description": "Provides an improved replacement for the array_replace PHP function",
            "homepage": "https://symfony.com",
            "keywords": [
                "config",
                "configuration",
                "options"
            ],
            "time": "2021-01-27T12:56:27+00:00"
        },
        {
            "name": "symfony/polyfill-php73",
            "version": "v1.22.0",
            "source": {
                "type": "git",
                "url": "https://github.com/symfony/polyfill-php73.git",
                "reference": "a678b42e92f86eca04b7fa4c0f6f19d097fb69e2"
            },
            "dist": {
                "type": "zip",
                "url": "https://api.github.com/repos/symfony/polyfill-php73/zipball/a678b42e92f86eca04b7fa4c0f6f19d097fb69e2",
                "reference": "a678b42e92f86eca04b7fa4c0f6f19d097fb69e2",
                "shasum": ""
            },
            "require": {
                "php": ">=7.1"
            },
            "type": "library",
            "extra": {
                "branch-alias": {
                    "dev-main": "1.22-dev"
                },
                "thanks": {
                    "name": "symfony/polyfill",
                    "url": "https://github.com/symfony/polyfill"
                }
            },
            "autoload": {
                "psr-4": {
                    "Symfony\\Polyfill\\Php73\\": ""
                },
                "files": [
                    "bootstrap.php"
                ],
                "classmap": [
                    "Resources/stubs"
                ]
            },
            "notification-url": "https://packagist.org/downloads/",
            "license": [
                "MIT"
            ],
            "authors": [
                {
                    "name": "Nicolas Grekas",
                    "email": "p@tchwork.com"
                },
                {
                    "name": "Symfony Community",
                    "homepage": "https://symfony.com/contributors"
                }
            ],
            "description": "Symfony polyfill backporting some PHP 7.3+ features to lower PHP versions",
            "homepage": "https://symfony.com",
            "keywords": [
                "compatibility",
                "polyfill",
                "portable",
                "shim"
            ],
            "time": "2021-01-07T16:49:33+00:00"
        },
        {
            "name": "symfony/polyfill-php80",
            "version": "v1.22.0",
            "source": {
                "type": "git",
                "url": "https://github.com/symfony/polyfill-php80.git",
                "reference": "dc3063ba22c2a1fd2f45ed856374d79114998f91"
            },
            "dist": {
                "type": "zip",
                "url": "https://api.github.com/repos/symfony/polyfill-php80/zipball/dc3063ba22c2a1fd2f45ed856374d79114998f91",
                "reference": "dc3063ba22c2a1fd2f45ed856374d79114998f91",
                "shasum": ""
            },
            "require": {
                "php": ">=7.1"
            },
            "type": "library",
            "extra": {
                "branch-alias": {
                    "dev-main": "1.22-dev"
                },
                "thanks": {
                    "name": "symfony/polyfill",
                    "url": "https://github.com/symfony/polyfill"
                }
            },
            "autoload": {
                "psr-4": {
                    "Symfony\\Polyfill\\Php80\\": ""
                },
                "files": [
                    "bootstrap.php"
                ],
                "classmap": [
                    "Resources/stubs"
                ]
            },
            "notification-url": "https://packagist.org/downloads/",
            "license": [
                "MIT"
            ],
            "authors": [
                {
                    "name": "Ion Bazan",
                    "email": "ion.bazan@gmail.com"
                },
                {
                    "name": "Nicolas Grekas",
                    "email": "p@tchwork.com"
                },
                {
                    "name": "Symfony Community",
                    "homepage": "https://symfony.com/contributors"
                }
            ],
            "description": "Symfony polyfill backporting some PHP 8.0+ features to lower PHP versions",
            "homepage": "https://symfony.com",
            "keywords": [
                "compatibility",
                "polyfill",
                "portable",
                "shim"
            ],
            "time": "2021-01-07T16:49:33+00:00"
        }
    ],
    "packages-dev": [],
    "aliases": [],
    "minimum-stability": "stable",
    "stability-flags": [],
    "prefer-stable": false,
    "prefer-lowest": false,
    "platform": [],
    "platform-dev": []
}
